Microsoft Visual Studio Solution File, Format Version 12.00
# Visual Studio Version 17
VisualStudioVersion = 17.13.35806.99
MinimumVisualStudioVersion = 10.0.40219.1
Project("{FAE04EC0-301F-11D3-BF4B-00C04F79EFBC}") = "InstallDocker", "ConsoleApp1\InstallDocker.csproj", "{979B007C-B8D7-4D06-8E81-FC64C4AF84FE}"
EndProject
Project("{2150E333-8FDC-42A3-9474-1A3956D46DE8}") = "Solution Items", "Solution Items", "{8EC462FD-D22E-90A8-E5CE-7E832BA40C5D}"
	ProjectSection(SolutionItems) = preProject
		README.md = README.md
	EndProjectSection
EndProject
Project("{2150E333-8FDC-42A3-9474-1A3956D46DE8}") = "screenshots", "screenshots", "{02EA681E-C7D8-13C7-8484-4AC65E1B71E8}"
	ProjectSection(SolutionItems) = preProject
		screenshots\demo-0.png = screenshots\demo-0.png
		screenshots\demo-1.png = screenshots\demo-1.png
		screenshots\demo-2.png = screenshots\demo-2.png
	EndProjectSection
EndProject
Global
	GlobalSection(SolutionConfigurationPlatforms) = preSolution
		Debug|Any CPU = Debug|Any CPU
		Release|Any CPU = Release|Any CPU
	EndGlobalSection
	GlobalSection(ProjectConfigurationPlatforms) = postSolution
		{979B007C-B8D7-4D06-8E81-FC64C4AF84FE}.Debug|Any CPU.ActiveCfg = Debug|Any CPU
		{979B007C-B8D7-4D06-8E81-FC64C4AF84FE}.Debug|Any CPU.Build.0 = Debug|Any CPU
		{979B007C-B8D7-4D06-8E81-FC64C4AF84FE}.Release|Any CPU.ActiveCfg = Release|Any CPU
		{979B007C-B8D7-4D06-8E81-FC64C4AF84FE}.Release|Any CPU.Build.0 = Release|Any CPU
	EndGlobalSection
	GlobalSection(SolutionProperties) = preSolution
		HideSolutionNode = FALSE
	EndGlobalSection
	GlobalSection(NestedProjects) = preSolution
		{02EA681E-C7D8-13C7-8484-4AC65E1B71E8} = {8EC462FD-D22E-90A8-E5CE-7E832BA40C5D}
	EndGlobalSection
	GlobalSection(ExtensibilityGlobals) = postSolution
		SolutionGuid = {A00E0A26-433A-474D-98CE-3559CD143575}
	EndGlobalSection
EndGlobal
